
Microsoft Visual Studio Solution File, Format Version 12.00
# Visual Studio Version 16
VisualStudioVersion = 16.0.31205.134
MinimumVisualStudioVersion = 10.0.40219.1
Project("{FAE04EC0-301F-11D3-BF4B-00C04F79EFBC}") = "ConsoleApp", "ConsoleApp.csproj", "{F93DF75B-D946-4077-8981-91872F9B7830}"
EndProject
Global
	GlobalSection(SolutionConfigurationPlatforms) = preSolution
		Debug|Any CPU = Debug|Any CPU
		Release|Any CPU = Release|Any CPU
	EndGlobalSection
	GlobalSection(ProjectConfigurationPlatforms) = postSolution
		{F93DF75B-D946-4077-8981-91872F9B7830}.Debug|Any CPU.ActiveCfg = Debug|Any CPU
		{F93DF75B-D946-4077-8981-91872F9B7830}.Debug|Any CPU.Build.0 = Debug|Any CPU
		{F93DF75B-D946-4077-8981-91872F9B7830}.Release|Any CPU.ActiveCfg = Release|Any CPU
		{F93DF75B-D946-4077-8981-91872F9B7830}.Release|Any CPU.Build.0 = Release|Any CPU
	EndGlobalSection
	GlobalSection(SolutionProperties) = preSolution
		HideSolutionNode = FALSE
	EndGlobalSection
	GlobalSection(ExtensibilityGlobals) = postSolution
		SolutionGuid = {DFEDA363-9413-4014-A160-124DA4E5AC27}
	EndGlobalSection
EndGlobal
