
Microsoft Visual Studio Solution File, Format Version 12.00
# Visual Studio Version 16
VisualStudioVersion = 16.0.31205.134
MinimumVisualStudioVersion = 10.0.40219.1
Project("{FAE04EC0-301F-11D3-BF4B-00C04F79EFBC}") = "ConsoleApp", "ConsoleApp.csproj", "{40B9621E-8590-4F3B-8141-5C030160A49C}"
EndProject
Global
	GlobalSection(SolutionConfigurationPlatforms) = preSolution
		Debug|Any CPU = Debug|Any CPU
		Release|Any CPU = Release|Any CPU
	EndGlobalSection
	GlobalSection(ProjectConfigurationPlatforms) = postSolution
		{40B9621E-8590-4F3B-8141-5C030160A49C}.Debug|Any CPU.ActiveCfg = Debug|Any CPU
		{40B9621E-8590-4F3B-8141-5C030160A49C}.Debug|Any CPU.Build.0 = Debug|Any CPU
		{40B9621E-8590-4F3B-8141-5C030160A49C}.Release|Any CPU.ActiveCfg = Release|Any CPU
		{40B9621E-8590-4F3B-8141-5C030160A49C}.Release|Any CPU.Build.0 = Release|Any CPU
	EndGlobalSection
	GlobalSection(SolutionProperties) = preSolution
		HideSolutionNode = FALSE
	EndGlobalSection
	GlobalSection(ExtensibilityGlobals) = postSolution
		SolutionGuid = {1326DD96-D9BC-47BE-99A1-E10FDEBF532F}
	EndGlobalSection
EndGlobal
