
Microsoft Visual Studio Solution File, Format Version 12.00
# Visual Studio Version 16
VisualStudioVersion = 16.0.31205.134
MinimumVisualStudioVersion = 10.0.40219.1
Project("{FAE04EC0-301F-11D3-BF4B-00C04F79EFBC}") = "ConsoleApp", "ConsoleApp.csproj", "{31285104-8BAF-41BA-9F93-8922A47C2143}"
EndProject
Global
	GlobalSection(SolutionConfigurationPlatforms) = preSolution
		Debug|Any CPU = Debug|Any CPU
		Release|Any CPU = Release|Any CPU
	EndGlobalSection
	GlobalSection(ProjectConfigurationPlatforms) = postSolution
		{31285104-8BAF-41BA-9F93-8922A47C2143}.Debug|Any CPU.ActiveCfg = Debug|Any CPU
		{31285104-8BAF-41BA-9F93-8922A47C2143}.Debug|Any CPU.Build.0 = Debug|Any CPU
		{31285104-8BAF-41BA-9F93-8922A47C2143}.Release|Any CPU.ActiveCfg = Release|Any CPU
		{31285104-8BAF-41BA-9F93-8922A47C2143}.Release|Any CPU.Build.0 = Release|Any CPU
	EndGlobalSection
	GlobalSection(SolutionProperties) = preSolution
		HideSolutionNode = FALSE
	EndGlobalSection
	GlobalSection(ExtensibilityGlobals) = postSolution
		SolutionGuid = {1920D53F-6D86-419E-A154-CAE359EB5DEB}
	EndGlobalSection
EndGlobal
